
Microsoft Visual Studio Solution File, Format Version 12.00
# Visual Studio Version 17
VisualStudioVersion = 17.5.002.0
MinimumVisualStudioVersion = 10.0.40219.1
Project("{9A19103F-16F7-4668-BE54-9A1E7A4F7556}") = "helloworld", "helloworld\helloworld.csproj", "{20710813-07B6-40DA-95E2-75D1BBC54466}"
EndProject
Global
	GlobalSection(SolutionConfigurationPlatforms) = preSolution
		Debug|Any CPU = Debug|Any CPU
		Release|Any CPU = Release|Any CPU
	EndGlobalSection
	GlobalSection(ProjectConfigurationPlatforms) = postSolution
		{20710813-07B6-40DA-95E2-75D1BBC54466}.Debug|Any CPU.ActiveCfg = Debug|Any CPU
		{20710813-07B6-40DA-95E2-75D1BBC54466}.Debug|Any CPU.Build.0 = Debug|Any CPU
		{20710813-07B6-40DA-95E2-75D1BBC54466}.Release|Any CPU.ActiveCfg = Release|Any CPU
		{20710813-07B6-40DA-95E2-75D1BBC54466}.Release|Any CPU.Build.0 = Release|Any CPU
	EndGlobalSection
	GlobalSection(SolutionProperties) = preSolution
		HideSolutionNode = FALSE
	EndGlobalSection
	GlobalSection(ExtensibilityGlobals) = postSolution
		SolutionGuid = {0C14018C-DB45-4A73-AB9D-07A4AEE59E36}
	EndGlobalSection
EndGlobal
